// !$*UTF8*$!
{
	archiveVersion = 1;
	classes = {
	};
	objectVersion = 51;
	objects = {

/* Begin PBXBuildFile section */
		5600BF822500004600453C22 /* DocumentView.swift in Sources */ = {isa = PBXBuildFile; fileRef = 5600BF812500004600453C22 /* DocumentView.swift */; };
		56C6B51E252376E70061F4FD /* MakeIPRouter.swift in Sources */ = {isa = PBXBuildFile; fileRef = 56C6B51D252376E70061F4FD /* MakeIPRouter.swift */; };
		A0006A62252778FA00C92DFD /* AddOkvedCell.swift in Sources */ = {isa = PBXBuildFile; fileRef = A0006A61252778FA00C92DFD /* AddOkvedCell.swift */; };
		A0006A642527790E00C92DFD /* AddOkvedViewModel.swift in Sources */ = {isa = PBXBuildFile; fileRef = A0006A632527790E00C92DFD /* AddOkvedViewModel.swift */; };
		A020DC06253EEB2A005B87AF /* IFNS.swift in Sources */ = {isa = PBXBuildFile; fileRef = A020DC05253EEB2A005B87AF /* IFNS.swift */; };
		A0339BD024C9EC710082F693 /* MakeIPViewModel.swift in Sources */ = {isa = PBXBuildFile; fileRef = A0339BCF24C9EC710082F693 /* MakeIPViewModel.swift */; };
		A0339BD624CB42A60082F693 /* Constants.swift in Sources */ = {isa = PBXBuildFile; fileRef = A0339BD524CB42A60082F693 /* Constants.swift */; };
		A0353ED52524AD9C00698C80 /* OkvedTypeCellViewModel.swift in Sources */ = {isa = PBXBuildFile; fileRef = A0353ED42524AD9C00698C80 /* OkvedTypeCellViewModel.swift */; };
		A0353ED72524DA0900698C80 /* BasicCell.swift in Sources */ = {isa = PBXBuildFile; fileRef = A0353ED62524DA0900698C80 /* BasicCell.swift */; };
		A0353ED92524DAE200698C80 /* NextButtonCell.swift in Sources */ = {isa = PBXBuildFile; fileRef = A0353ED82524DAE200698C80 /* NextButtonCell.swift */; };
		A0353EDB2524DB6800698C80 /* NextButtonViewModel.swift in Sources */ = {isa = PBXBuildFile; fileRef = A0353EDA2524DB6800698C80 /* NextButtonViewModel.swift */; };
		A0353EDD2524F61B00698C80 /* TextFieldCell.swift in Sources */ = {isa = PBXBuildFile; fileRef = A0353EDC2524F61B00698C80 /* TextFieldCell.swift */; };
		A0353EDF2524F62900698C80 /* NotTextFieldCell.swift in Sources */ = {isa = PBXBuildFile; fileRef = A0353EDE2524F62900698C80 /* NotTextFieldCell.swift */; };
		A0353EE12524FCB200698C80 /* TitleLabel.swift in Sources */ = {isa = PBXBuildFile; fileRef = A0353EE02524FCB200698C80 /* TitleLabel.swift */; };
		A0353EE62525EBB400698C80 /* DatePickerCell.swift in Sources */ = {isa = PBXBuildFile; fileRef = A0353EE52525EBB400698C80 /* DatePickerCell.swift */; };
		A0353EED2525F0B100698C80 /* Step.swift in Sources */ = {isa = PBXBuildFile; fileRef = A0353EEC2525F0B100698C80 /* Step.swift */; };
		A0353EEF2525F0BF00698C80 /* TextFieldType.swift in Sources */ = {isa = PBXBuildFile; fileRef = A0353EEE2525F0BF00698C80 /* TextFieldType.swift */; };
		A0353EF12525F59E00698C80 /* TextFieldGroup.swift in Sources */ = {isa = PBXBuildFile; fileRef = A0353EF02525F59E00698C80 /* TextFieldGroup.swift */; };
		A0353EF32526414100698C80 /* ValidateType.swift in Sources */ = {isa = PBXBuildFile; fileRef = A0353EF22526414100698C80 /* ValidateType.swift */; };
		A044153E252B2332003F0DBF /* MainRouter.swift in Sources */ = {isa = PBXBuildFile; fileRef = A044153D252B2332003F0DBF /* MainRouter.swift */; };
		A0441540252B55BB003F0DBF /* OkvedRouter.swift in Sources */ = {isa = PBXBuildFile; fileRef = A044153F252B55BB003F0DBF /* OkvedRouter.swift */; };
		A044154A252BC6D1003F0DBF /* SelectViewController.swift in Sources */ = {isa = PBXBuildFile; fileRef = A0441549252BC6D1003F0DBF /* SelectViewController.swift */; };
		A044154C252BC6DD003F0DBF /* SelectViewModel.swift in Sources */ = {isa = PBXBuildFile; fileRef = A044154B252BC6DD003F0DBF /* SelectViewModel.swift */; };
		A044154F252BC6F8003F0DBF /* SelectRouter.swift in Sources */ = {isa = PBXBuildFile; fileRef = A044154E252BC6F8003F0DBF /* SelectRouter.swift */; };
		A0441551252BE15D003F0DBF /* UILabelPadding.swift in Sources */ = {isa = PBXBuildFile; fileRef = A0441550252BE15D003F0DBF /* UILabelPadding.swift */; };
		A055DA8D253389EF00AB223D /* AddressType.swift in Sources */ = {isa = PBXBuildFile; fileRef = A055DA8C253389EF00AB223D /* AddressType.swift */; };
		A055DA91253440F700AB223D /* NoteView.swift in Sources */ = {isa = PBXBuildFile; fileRef = A055DA90253440F700AB223D /* NoteView.swift */; };
		A0583A262530D70E00BF10BA /* AddressRouter.swift in Sources */ = {isa = PBXBuildFile; fileRef = A0583A252530D70E00BF10BA /* AddressRouter.swift */; };
		A05B339E252DCB1C003522E4 /* AddressView.swift in Sources */ = {isa = PBXBuildFile; fileRef = A05B339D252DCB1C003522E4 /* AddressView.swift */; };
		A05B33A0252DD086003522E4 /* Address.swift in Sources */ = {isa = PBXBuildFile; fileRef = A05B339F252DD086003522E4 /* Address.swift */; };
		A05B33A3252DE96E003522E4 /* AddressViewModel.swift in Sources */ = {isa = PBXBuildFile; fileRef = A05B33A2252DE96E003522E4 /* AddressViewModel.swift */; };
		A05B33A5252DF2E8003522E4 /* AddressCell.swift in Sources */ = {isa = PBXBuildFile; fileRef = A05B33A4252DF2E8003522E4 /* AddressCell.swift */; };
		A05B33A8252E1D3B003522E4 /* AddressSectionView.swift in Sources */ = {isa = PBXBuildFile; fileRef = A05B33A7252E1D3B003522E4 /* AddressSectionView.swift */; };
		A05B33AA252E20E0003522E4 /* AddressCellViewModel.swift in Sources */ = {isa = PBXBuildFile; fileRef = A05B33A9252E20E0003522E4 /* AddressCellViewModel.swift */; };
		A0607B3724DC475300EB8B7C /* OKVEDManager.swift in Sources */ = {isa = PBXBuildFile; fileRef = A0607B3624DC475300EB8B7C /* OKVEDManager.swift */; };
		A07EB89925449451004E5CE1 /* LoginView.swift in Sources */ = {isa = PBXBuildFile; fileRef = A07EB89825449451004E5CE1 /* LoginView.swift */; };
		A07EB89C25449922004E5CE1 /* LoginRouter.swift in Sources */ = {isa = PBXBuildFile; fileRef = A07EB89B25449922004E5CE1 /* LoginRouter.swift */; };
		A07EB89E2544997A004E5CE1 /* LoginViewModel.swift in Sources */ = {isa = PBXBuildFile; fileRef = A07EB89D2544997A004E5CE1 /* LoginViewModel.swift */; };
		A07EB8A02545C732004E5CE1 /* SettingsView.swift in Sources */ = {isa = PBXBuildFile; fileRef = A07EB89F2545C732004E5CE1 /* SettingsView.swift */; };
		A09A34F22534E78F00E29DB8 /* docType.swift in Sources */ = {isa = PBXBuildFile; fileRef = A09A34F12534E78F00E29DB8 /* docType.swift */; };
		A09A34F425372AD700E29DB8 /* StatusView.swift in Sources */ = {isa = PBXBuildFile; fileRef = A09A34F325372AD700E29DB8 /* StatusView.swift */; };
		A09A5A2A251CE8A200136EF8 /* UILabel+extension.swift in Sources */ = {isa = PBXBuildFile; fileRef = A09A5A29251CE8A200136EF8 /* UILabel+extension.swift */; };
		A09A5A2C251CF21B00136EF8 /* UIButton+extension.swift in Sources */ = {isa = PBXBuildFile; fileRef = A09A5A2B251CF21B00136EF8 /* UIButton+extension.swift */; };
		A09A5A34251FB8CC00136EF8 /* makeIpSectionView.swift in Sources */ = {isa = PBXBuildFile; fileRef = A09A5A33251FB8CC00136EF8 /* makeIpSectionView.swift */; };
		A09A5A36251FBD5400136EF8 /* OkvedSectionView.swift in Sources */ = {isa = PBXBuildFile; fileRef = A09A5A35251FBD5400136EF8 /* OkvedSectionView.swift */; };
		A09A5A38251FC4E900136EF8 /* OkvedView.swift in Sources */ = {isa = PBXBuildFile; fileRef = A09A5A37251FC4E900136EF8 /* OkvedView.swift */; };
		A09A5A3C251FD81A00136EF8 /* TextFieldView.swift in Sources */ = {isa = PBXBuildFile; fileRef = A09A5A3B251FD81A00136EF8 /* TextFieldView.swift */; };
		A09A5A3E2520A7DF00136EF8 /* PickerView.swift in Sources */ = {isa = PBXBuildFile; fileRef = A09A5A3D2520A7DF00136EF8 /* PickerView.swift */; };
		A09A5A402520F2DB00136EF8 /* DatePickerView.swift in Sources */ = {isa = PBXBuildFile; fileRef = A09A5A3F2520F2DB00136EF8 /* DatePickerView.swift */; };
		A0A9C666251A7A3500D9BD55 /* File.swift in Sources */ = {isa = PBXBuildFile; fileRef = A0A9C665251A7A3500D9BD55 /* File.swift */; };
		A0A9C669251AB25A00D9BD55 /* TextField+extension.swift in Sources */ = {isa = PBXBuildFile; fileRef = A0A9C668251AB25A00D9BD55 /* TextField+extension.swift */; };
		A0AA563924D1A87600AD6421 /* ChooseDocumentViewControllerCell.swift in Sources */ = {isa = PBXBuildFile; fileRef = A0AA563824D1A87600AD6421 /* ChooseDocumentViewControllerCell.swift */; };
		A0AA563B24D1A9B200AD6421 /* ChooseDocumentViewModel.swift in Sources */ = {isa = PBXBuildFile; fileRef = A0AA563A24D1A9B200AD6421 /* ChooseDocumentViewModel.swift */; };
		A0AA563D24D1AEA100AD6421 /* ChooseDocumentCellViewModel.swift in Sources */ = {isa = PBXBuildFile; fileRef = A0AA563C24D1AEA100AD6421 /* ChooseDocumentCellViewModel.swift */; };
		A0AA563F24D1E56D00AD6421 /* Document.swift in Sources */ = {isa = PBXBuildFile; fileRef = A0AA563E24D1E56D00AD6421 /* Document.swift */; };
		A0B6B8A1252D27D90078C383 /* TaxesSystem.swift in Sources */ = {isa = PBXBuildFile; fileRef = A0B6B8A0252D27D90078C383 /* TaxesSystem.swift */; };
		A0C0237B251B6C43000B871E /* String+extension.swift in Sources */ = {isa = PBXBuildFile; fileRef = A0C0237A251B6C43000B871E /* String+extension.swift */; };
		A0C0237F251B8BC8000B871E /* View+extension.swift in Sources */ = {isa = PBXBuildFile; fileRef = A0C0237E251B8BC8000B871E /* View+extension.swift */; };
		A0C0A3112567398B00B951B9 /* IFNSData.swift in Sources */ = {isa = PBXBuildFile; fileRef = A0C0A3102567398B00B951B9 /* IFNSData.swift */; };
		A0C0A31325676BF600B951B9 /* Request.swift in Sources */ = {isa = PBXBuildFile; fileRef = A0C0A31225676BF600B951B9 /* Request.swift */; };
		A0C0A317256BA15400B951B9 /* AddressLevel.swift in Sources */ = {isa = PBXBuildFile; fileRef = A0C0A316256BA15400B951B9 /* AddressLevel.swift */; };
		A0CFD7B324CD825F00243FF5 /* DatePickerDelegate.swift in Sources */ = {isa = PBXBuildFile; fileRef = A0CFD7B224CD825F00243FF5 /* DatePickerDelegate.swift */; };
		A0E1CF0424EBC9FA00241C4B /* OKVED.swift in Sources */ = {isa = PBXBuildFile; fileRef = A0E1CF0324EBC9F900241C4B /* OKVED.swift */; };
		A0E2D5382496269100421B78 /* AppDelegate.swift in Sources */ = {isa = PBXBuildFile; fileRef = A0E2D5372496269100421B78 /* AppDelegate.swift */; };
		A0E2D53A2496269100421B78 /* SceneDelegate.swift in Sources */ = {isa = PBXBuildFile; fileRef = A0E2D5392496269100421B78 /* SceneDelegate.swift */; };
		A0E2D53C2496269100421B78 /* ViewController.swift in Sources */ = {isa = PBXBuildFile; fileRef = A0E2D53B2496269100421B78 /* ViewController.swift */; };
		A0E2D53F2496269200421B78 /* Main.storyboard in Resources */ = {isa = PBXBuildFile; fileRef = A0E2D53D2496269100421B78 /* Main.storyboard */; };
		A0E2D5412496269900421B78 /* Assets.xcassets in Resources */ = {isa = PBXBuildFile; fileRef = A0E2D5402496269900421B78 /* Assets.xcassets */; };
		A0E2D5442496269900421B78 /* LaunchScreen.storyboard in Resources */ = {isa = PBXBuildFile; fileRef = A0E2D5422496269900421B78 /* LaunchScreen.storyboard */; };
		A0E2D54C249627A600421B78 /* MakeIPViewController.swift in Sources */ = {isa = PBXBuildFile; fileRef = A0E2D54B249627A600421B78 /* MakeIPViewController.swift */; };
		A0E9768B24E3278B00E8BB24 /* OkvedTableViewViewModel.swift in Sources */ = {isa = PBXBuildFile; fileRef = A0E9768A24E3278B00E8BB24 /* OkvedTableViewViewModel.swift */; };
		A0E9769324E4144600E8BB24 /* OkvedTableViewCell.swift in Sources */ = {isa = PBXBuildFile; fileRef = A0E9769224E4144600E8BB24 /* OkvedTableViewCell.swift */; };
		A0F6850B25248C09007245A9 /* PickerCell.swift in Sources */ = {isa = PBXBuildFile; fileRef = A0F6850A25248C09007245A9 /* PickerCell.swift */; };
		A0F6850D25248C1A007245A9 /* TextCell.swift in Sources */ = {isa = PBXBuildFile; fileRef = A0F6850C25248C1A007245A9 /* TextCell.swift */; };
		A0F6850F25248C36007245A9 /* OkvedCell.swift in Sources */ = {isa = PBXBuildFile; fileRef = A0F6850E25248C36007245A9 /* OkvedCell.swift */; };
		A0F6851125248C53007245A9 /* GiveMethodCell.swift in Sources */ = {isa = PBXBuildFile; fileRef = A0F6851025248C53007245A9 /* GiveMethodCell.swift */; };
		A0F6851425249FA1007245A9 /* PickerCellViewModel.swift in Sources */ = {isa = PBXBuildFile; fileRef = A0F6851325249FA1007245A9 /* PickerCellViewModel.swift */; };
		A0F6851625249FAF007245A9 /* TextCellViewModel.swift in Sources */ = {isa = PBXBuildFile; fileRef = A0F6851525249FAF007245A9 /* TextCellViewModel.swift */; };
		A0F6851825249FBB007245A9 /* OkvedCellViewModel.swift in Sources */ = {isa = PBXBuildFile; fileRef = A0F6851725249FBB007245A9 /* OkvedCellViewModel.swift */; };
		A0F6851A25249FC8007245A9 /* GiveMethodCellViewModel.swift in Sources */ = {isa = PBXBuildFile; fileRef = A0F6851925249FC8007245A9 /* GiveMethodCellViewModel.swift */; };
		A0F6851C2524A04F007245A9 /* CellViewModel.swift in Sources */ = {isa = PBXBuildFile; fileRef = A0F6851B2524A04F007245A9 /* CellViewModel.swift */; };
		A0FA8A0E24D0A9340015D7F6 /* GoogleService-Info.plist in Resources */ = {isa = PBXBuildFile; fileRef = A0FA8A0D24D0A9340015D7F6 /* GoogleService-Info.plist */; };
		DB9A1A07176A43492CAEAAB4 /* Pods_Registrator.framework in Frameworks */ = {isa = PBXBuildFile; fileRef = 46961B5A215A9634822059D9 /* Pods_Registrator.framework */; };
/* End PBXBuildFile section */

/* Begin PBXFileReference section */
		46961B5A215A9634822059D9 /* Pods_Registrator.framework */ = {isa = PBXFileReference; explicitFileType = wrapper.framework; includeInIndex = 0; path = Pods_Registrator.framework; sourceTree = BUILT_PRODUCTS_DIR; };
		5600BF812500004600453C22 /* DocumentView.swift */ = {isa = PBXFileReference; fileEncoding = 4; lastKnownFileType = sourcecode.swift; path = DocumentView.swift; sourceTree = "<group>"; };
		56C6B51D252376E70061F4FD /* MakeIPRouter.swift */ = {isa = PBXFileReference; lastKnownFileType = sourcecode.swift; path = MakeIPRouter.swift; sourceTree = "<group>"; };
		A0006A61252778FA00C92DFD /* AddOkvedCell.swift */ = {isa = PBXFileReference; lastKnownFileType = sourcecode.swift; path = AddOkvedCell.swift; sourceTree = "<group>"; };
		A0006A632527790E00C92DFD /* AddOkvedViewModel.swift */ = {isa = PBXFileReference; lastKnownFileType = sourcecode.swift; path = AddOkvedViewModel.swift; sourceTree = "<group>"; };
		A020DC05253EEB2A005B87AF /* IFNS.swift */ = {isa = PBXFileReference; lastKnownFileType = sourcecode.swift; path = IFNS.swift; sourceTree = "<group>"; };
		A0339BCF24C9EC710082F693 /* MakeIPViewModel.swift */ = {isa = PBXFileReference; lastKnownFileType = sourcecode.swift; path = MakeIPViewModel.swift; sourceTree = "<group>"; };
		A0339BD524CB42A60082F693 /* Constants.swift */ = {isa = PBXFileReference; lastKnownFileType = sourcecode.swift; path = Constants.swift; sourceTree = "<group>"; };
		A0353ED42524AD9C00698C80 /* OkvedTypeCellViewModel.swift */ = {isa = PBXFileReference; lastKnownFileType = sourcecode.swift; path = OkvedTypeCellViewModel.swift; sourceTree = "<group>"; };
		A0353ED62524DA0900698C80 /* BasicCell.swift */ = {isa = PBXFileReference; lastKnownFileType = sourcecode.swift; path = BasicCell.swift; sourceTree = "<group>"; };
		A0353ED82524DAE200698C80 /* NextButtonCell.swift */ = {isa = PBXFileReference; lastKnownFileType = sourcecode.swift; path = NextButtonCell.swift; sourceTree = "<group>"; };
		A0353EDA2524DB6800698C80 /* NextButtonViewModel.swift */ = {isa = PBXFileReference; lastKnownFileType = sourcecode.swift; path = NextButtonViewModel.swift; sourceTree = "<group>"; };
		A0353EDC2524F61B00698C80 /* TextFieldCell.swift */ = {isa = PBXFileReference; lastKnownFileType = sourcecode.swift; path = TextFieldCell.swift; sourceTree = "<group>"; };
		A0353EDE2524F62900698C80 /* NotTextFieldCell.swift */ = {isa = PBXFileReference; lastKnownFileType = sourcecode.swift; path = NotTextFieldCell.swift; sourceTree = "<group>"; };
		A0353EE02524FCB200698C80 /* TitleLabel.swift */ = {isa = PBXFileReference; lastKnownFileType = sourcecode.swift; path = TitleLabel.swift; sourceTree = "<group>"; };
		A0353EE52525EBB400698C80 /* DatePickerCell.swift */ = {isa = PBXFileReference; lastKnownFileType = sourcecode.swift; path = DatePickerCell.swift; sourceTree = "<group>"; };
		A0353EEC2525F0B100698C80 /* Step.swift */ = {isa = PBXFileReference; lastKnownFileType = sourcecode.swift; path = Step.swift; sourceTree = "<group>"; };
		A0353EEE2525F0BF00698C80 /* TextFieldType.swift */ = {isa = PBXFileReference; lastKnownFileType = sourcecode.swift; path = TextFieldType.swift; sourceTree = "<group>"; };
		A0353EF02525F59E00698C80 /* TextFieldGroup.swift */ = {isa = PBXFileReference; lastKnownFileType = sourcecode.swift; path = TextFieldGroup.swift; sourceTree = "<group>"; };
		A0353EF22526414100698C80 /* ValidateType.swift */ = {isa = PBXFileReference; lastKnownFileType = sourcecode.swift; path = ValidateType.swift; sourceTree = "<group>"; };
		A044153D252B2332003F0DBF /* MainRouter.swift */ = {isa = PBXFileReference; lastKnownFileType = sourcecode.swift; path = MainRouter.swift; sourceTree = "<group>"; };
		A044153F252B55BB003F0DBF /* OkvedRouter.swift */ = {isa = PBXFileReference; lastKnownFileType = sourcecode.swift; path = OkvedRouter.swift; sourceTree = "<group>"; };
		A0441549252BC6D1003F0DBF /* SelectViewController.swift */ = {isa = PBXFileReference; lastKnownFileType = sourcecode.swift; path = SelectViewController.swift; sourceTree = "<group>"; };
		A044154B252BC6DD003F0DBF /* SelectViewModel.swift */ = {isa = PBXFileReference; lastKnownFileType = sourcecode.swift; path = SelectViewModel.swift; sourceTree = "<group>"; };
		A044154E252BC6F8003F0DBF /* SelectRouter.swift */ = {isa = PBXFileReference; lastKnownFileType = sourcecode.swift; path = SelectRouter.swift; sourceTree = "<group>"; };
		A0441550252BE15D003F0DBF /* UILabelPadding.swift */ = {isa = PBXFileReference; lastKnownFileType = sourcecode.swift; path = UILabelPadding.swift; sourceTree = "<group>"; };
		A055DA8C253389EF00AB223D /* AddressType.swift */ = {isa = PBXFileReference; lastKnownFileType = sourcecode.swift; path = AddressType.swift; sourceTree = "<group>"; };
		A055DA90253440F700AB223D /* NoteView.swift */ = {isa = PBXFileReference; lastKnownFileType = sourcecode.swift; path = NoteView.swift; sourceTree = "<group>"; };
		A0583A252530D70E00BF10BA /* AddressRouter.swift */ = {isa = PBXFileReference; lastKnownFileType = sourcecode.swift; path = AddressRouter.swift; sourceTree = "<group>"; };
		A05B339D252DCB1C003522E4 /* AddressView.swift */ = {isa = PBXFileReference; lastKnownFileType = sourcecode.swift; path = AddressView.swift; sourceTree = "<group>"; };
		A05B339F252DD086003522E4 /* Address.swift */ = {isa = PBXFileReference; lastKnownFileType = sourcecode.swift; path = Address.swift; sourceTree = "<group>"; };
		A05B33A2252DE96E003522E4 /* AddressViewModel.swift */ = {isa = PBXFileReference; lastKnownFileType = sourcecode.swift; path = AddressViewModel.swift; sourceTree = "<group>"; };
		A05B33A4252DF2E8003522E4 /* AddressCell.swift */ = {isa = PBXFileReference; lastKnownFileType = sourcecode.swift; path = AddressCell.swift; sourceTree = "<group>"; };
		A05B33A7252E1D3B003522E4 /* AddressSectionView.swift */ = {isa = PBXFileReference; lastKnownFileType = sourcecode.swift; path = AddressSectionView.swift; sourceTree = "<group>"; };
		A05B33A9252E20E0003522E4 /* AddressCellViewModel.swift */ = {isa = PBXFileReference; lastKnownFileType = sourcecode.swift; path = AddressCellViewModel.swift; sourceTree = "<group>"; };
		A0607B3624DC475300EB8B7C /* OKVEDManager.swift */ = {isa = PBXFileReference; lastKnownFileType = sourcecode.swift; path = OKVEDManager.swift; sourceTree = "<group>"; };
		A07EB89825449451004E5CE1 /* LoginView.swift */ = {isa = PBXFileReference; lastKnownFileType = sourcecode.swift; path = LoginView.swift; sourceTree = "<group>"; };
		A07EB89B25449922004E5CE1 /* LoginRouter.swift */ = {isa = PBXFileReference; lastKnownFileType = sourcecode.swift; path = LoginRouter.swift; sourceTree = "<group>"; };
		A07EB89D2544997A004E5CE1 /* LoginViewModel.swift */ = {isa = PBXFileReference; lastKnownFileType = sourcecode.swift; path = LoginViewModel.swift; sourceTree = "<group>"; };
		A07EB89F2545C732004E5CE1 /* SettingsView.swift */ = {isa = PBXFileReference; lastKnownFileType = sourcecode.swift; path = SettingsView.swift; sourceTree = "<group>"; };
		A09A34F12534E78F00E29DB8 /* docType.swift */ = {isa = PBXFileReference; lastKnownFileType = sourcecode.swift; path = docType.swift; sourceTree = "<group>"; };
		A09A34F325372AD700E29DB8 /* StatusView.swift */ = {isa = PBXFileReference; lastKnownFileType = sourcecode.swift; path = StatusView.swift; sourceTree = "<group>"; };
		A09A5A29251CE8A200136EF8 /* UILabel+extension.swift */ = {isa = PBXFileReference; lastKnownFileType = sourcecode.swift; path = "UILabel+extension.swift"; sourceTree = "<group>"; };
		A09A5A2B251CF21B00136EF8 /* UIButton+extension.swift */ = {isa = PBXFileReference; lastKnownFileType = sourcecode.swift; path = "UIButton+extension.swift"; sourceTree = "<group>"; };
		A09A5A33251FB8CC00136EF8 /* makeIpSectionView.swift */ = {isa = PBXFileReference; lastKnownFileType = sourcecode.swift; path = makeIpSectionView.swift; sourceTree = "<group>"; };
		A09A5A35251FBD5400136EF8 /* OkvedSectionView.swift */ = {isa = PBXFileReference; lastKnownFileType = sourcecode.swift; path = OkvedSectionView.swift; sourceTree = "<group>"; };
		A09A5A37251FC4E900136EF8 /* OkvedView.swift */ = {isa = PBXFileReference; lastKnownFileType = sourcecode.swift; path = OkvedView.swift; sourceTree = "<group>"; };
		A09A5A3B251FD81A00136EF8 /* TextFieldView.swift */ = {isa = PBXFileReference; lastKnownFileType = sourcecode.swift; path = TextFieldView.swift; sourceTree = "<group>"; };
		A09A5A3D2520A7DF00136EF8 /* PickerView.swift */ = {isa = PBXFileReference; lastKnownFileType = sourcecode.swift; path = PickerView.swift; sourceTree = "<group>"; };
		A09A5A3F2520F2DB00136EF8 /* DatePickerView.swift */ = {isa = PBXFileReference; lastKnownFileType = sourcecode.swift; path = DatePickerView.swift; sourceTree = "<group>"; };
		A0A9C665251A7A3500D9BD55 /* File.swift */ = {isa = PBXFileReference; lastKnownFileType = sourcecode.swift; path = File.swift; sourceTree = "<group>"; };
		A0A9C668251AB25A00D9BD55 /* TextField+extension.swift */ = {isa = PBXFileReference; lastKnownFileType = sourcecode.swift; path = "TextField+extension.swift"; sourceTree = "<group>"; };
		A0AA563824D1A87600AD6421 /* ChooseDocumentViewControllerCell.swift */ = {isa = PBXFileReference; lastKnownFileType = sourcecode.swift; path = ChooseDocumentViewControllerCell.swift; sourceTree = "<group>"; };
		A0AA563A24D1A9B200AD6421 /* ChooseDocumentViewModel.swift */ = {isa = PBXFileReference; lastKnownFileType = sourcecode.swift; path = ChooseDocumentViewModel.swift; sourceTree = "<group>"; };
		A0AA563C24D1AEA100AD6421 /* ChooseDocumentCellViewModel.swift */ = {isa = PBXFileReference; lastKnownFileType = sourcecode.swift; path = ChooseDocumentCellViewModel.swift; sourceTree = "<group>"; };
		A0AA563E24D1E56D00AD6421 /* Document.swift */ = {isa = PBXFileReference; lastKnownFileType = sourcecode.swift; path = Document.swift; sourceTree = "<group>"; };
		A0B6B8A0252D27D90078C383 /* TaxesSystem.swift */ = {isa = PBXFileReference; lastKnownFileType = sourcecode.swift; path = TaxesSystem.swift; sourceTree = "<group>"; };
		A0C0237A251B6C43000B871E /* String+extension.swift */ = {isa = PBXFileReference; lastKnownFileType = sourcecode.swift; path = "String+extension.swift"; sourceTree = "<group>"; };
		A0C0237E251B8BC8000B871E /* View+extension.swift */ = {isa = PBXFileReference; lastKnownFileType = sourcecode.swift; path = "View+extension.swift"; sourceTree = "<group>"; };
		A0C0A3102567398B00B951B9 /* IFNSData.swift */ = {isa = PBXFileReference; lastKnownFileType = sourcecode.swift; path = IFNSData.swift; sourceTree = "<group>"; };
		A0C0A31225676BF600B951B9 /* Request.swift */ = {isa = PBXFileReference; lastKnownFileType = sourcecode.swift; path = Request.swift; sourceTree = "<group>"; };
		A0C0A316256BA15400B951B9 /* AddressLevel.swift */ = {isa = PBXFileReference; lastKnownFileType = sourcecode.swift; path = AddressLevel.swift; sourceTree = "<group>"; };
		A0CFD7B224CD825F00243FF5 /* DatePickerDelegate.swift */ = {isa = PBXFileReference; lastKnownFileType = sourcecode.swift; path = DatePickerDelegate.swift; sourceTree = "<group>"; };
		A0E1CF0324EBC9F900241C4B /* OKVED.swift */ = {isa = PBXFileReference; lastKnownFileType = sourcecode.swift; path = OKVED.swift; sourceTree = "<group>"; };
		A0E2D5342496269100421B78 /* Registrator.app */ = {isa = PBXFileReference; explicitFileType = wrapper.application; includeInIndex = 0; path = Registrator.app; sourceTree = BUILT_PRODUCTS_DIR; };
		A0E2D5372496269100421B78 /* AppDelegate.swift */ = {isa = PBXFileReference; lastKnownFileType = sourcecode.swift; path = AppDelegate.swift; sourceTree = "<group>"; };
		A0E2D5392496269100421B78 /* SceneDelegate.swift */ = {isa = PBXFileReference; lastKnownFileType = sourcecode.swift; path = SceneDelegate.swift; sourceTree = "<group>"; };
		A0E2D53B2496269100421B78 /* ViewController.swift */ = {isa = PBXFileReference; lastKnownFileType = sourcecode.swift; path = ViewController.swift; sourceTree = "<group>"; };
		A0E2D53E2496269100421B78 /* Base */ = {isa = PBXFileReference; lastKnownFileType = file.storyboard; name = Base; path = Base.lproj/Main.storyboard; sourceTree = "<group>"; };
		A0E2D5402496269900421B78 /* Assets.xcassets */ = {isa = PBXFileReference; lastKnownFileType = folder.assetcatalog; path = Assets.xcassets; sourceTree = "<group>"; };
		A0E2D5432496269900421B78 /* Base */ = {isa = PBXFileReference; lastKnownFileType = file.storyboard; name = Base; path = Base.lproj/LaunchScreen.storyboard; sourceTree = "<group>"; };
		A0E2D5452496269900421B78 /* Info.plist */ = {isa = PBXFileReference; lastKnownFileType = text.plist.xml; path = Info.plist; sourceTree = "<group>"; };
		A0E2D54B249627A600421B78 /* MakeIPViewController.swift */ = {isa = PBXFileReference; lastKnownFileType = sourcecode.swift; path = MakeIPViewController.swift; sourceTree = "<group>"; };
		A0E85721254C756E0084381A /* Registrator.entitlements */ = {isa = PBXFileReference; lastKnownFileType = text.plist.entitlements; path = Registrator.entitlements; sourceTree = "<group>"; };
		A0E9768A24E3278B00E8BB24 /* OkvedTableViewViewModel.swift */ = {isa = PBXFileReference; lastKnownFileType = sourcecode.swift; path = OkvedTableViewViewModel.swift; sourceTree = "<group>"; };
		A0E9769224E4144600E8BB24 /* OkvedTableViewCell.swift */ = {isa = PBXFileReference; lastKnownFileType = sourcecode.swift; path = OkvedTableViewCell.swift; sourceTree = "<group>"; };
		A0F6850A25248C09007245A9 /* PickerCell.swift */ = {isa = PBXFileReference; lastKnownFileType = sourcecode.swift; path = PickerCell.swift; sourceTree = "<group>"; };
		A0F6850C25248C1A007245A9 /* TextCell.swift */ = {isa = PBXFileReference; lastKnownFileType = sourcecode.swift; path = TextCell.swift; sourceTree = "<group>"; };
		A0F6850E25248C36007245A9 /* OkvedCell.swift */ = {isa = PBXFileReference; lastKnownFileType = sourcecode.swift; path = OkvedCell.swift; sourceTree = "<group>"; };
		A0F6851025248C53007245A9 /* GiveMethodCell.swift */ = {isa = PBXFileReference; lastKnownFileType = sourcecode.swift; path = GiveMethodCell.swift; sourceTree = "<group>"; };
		A0F6851325249FA1007245A9 /* PickerCellViewModel.swift */ = {isa = PBXFileReference; lastKnownFileType = sourcecode.swift; path = PickerCellViewModel.swift; sourceTree = "<group>"; };
		A0F6851525249FAF007245A9 /* TextCellViewModel.swift */ = {isa = PBXFileReference; lastKnownFileType = sourcecode.swift; path = TextCellViewModel.swift; sourceTree = "<group>"; };
		A0F6851725249FBB007245A9 /* OkvedCellViewModel.swift */ = {isa = PBXFileReference; lastKnownFileType = sourcecode.swift; path = OkvedCellViewModel.swift; sourceTree = "<group>"; };
		A0F6851925249FC8007245A9 /* GiveMethodCellViewModel.swift */ = {isa = PBXFileReference; lastKnownFileType = sourcecode.swift; path = GiveMethodCellViewModel.swift; sourceTree = "<group>"; };
		A0F6851B2524A04F007245A9 /* CellViewModel.swift */ = {isa = PBXFileReference; lastKnownFileType = sourcecode.swift; path = CellViewModel.swift; sourceTree = "<group>"; };
		A0FA8A0D24D0A9340015D7F6 /* GoogleService-Info.plist */ = {isa = PBXFileReference; fileEncoding = 4; lastKnownFileType = text.plist.xml; path = "GoogleService-Info.plist"; sourceTree = "<group>"; };
		C7C0C8B11DE8D9D94BFA776E /* Pods-Registrator.debug.xcconfig */ = {isa = PBXFileReference; includeInIndex = 1; lastKnownFileType = text.xcconfig; name = "Pods-Registrator.debug.xcconfig"; path = "Target Support Files/Pods-Registrator/Pods-Registrator.debug.xcconfig"; sourceTree = "<group>"; };
		E520B1A42872672A28701B8A /* Pods-Registrator.release.xcconfig */ = {isa = PBXFileReference; includeInIndex = 1; lastKnownFileType = text.xcconfig; name = "Pods-Registrator.release.xcconfig"; path = "Target Support Files/Pods-Registrator/Pods-Registrator.release.xcconfig"; sourceTree = "<group>"; };
/* End PBXFileReference section */

/* Begin PBXFrameworksBuildPhase section */
		A0E2D5312496269100421B78 /* Frameworks */ = {
			isa = PBXFrameworksBuildPhase;
			buildActionMask = 2147483647;
			files = (
				DB9A1A07176A43492CAEAAB4 /* Pods_Registrator.framework in Frameworks */,
			);
			runOnlyForDeploymentPostprocessing = 0;
		};
/* End PBXFrameworksBuildPhase section */

/* Begin PBXGroup section */
		5679ACE624FFFCB700D9A069 /* MVVM */ = {
			isa = PBXGroup;
			children = (
				A07EB89A25449909004E5CE1 /* LoginView */,
				A0441548252BC682003F0DBF /* SelectView */,
				A03FCBE62510FF60004DE127 /* ChooseDocumentView */,
				5679ACE724FFFCCE00D9A069 /* MakeIPView */,
				A09A5A2D251E2FCF00136EF8 /* OkvedView */,
				A05B33A1252DE959003522E4 /* Address */,
			);
			path = MVVM;
			sourceTree = "<group>";
		};
		5679ACE724FFFCCE00D9A069 /* MakeIPView */ = {
			isa = PBXGroup;
			children = (
				56AD57EA252B80BA00AEACC9 /* Cells */,
				A0339BCF24C9EC710082F693 /* MakeIPViewModel.swift */,
				A0E2D54B249627A600421B78 /* MakeIPViewController.swift */,
				56C6B51D252376E70061F4FD /* MakeIPRouter.swift */,
			);
			path = MakeIPView;
			sourceTree = "<group>";
		};
		5679ACE824FFFFBA00D9A069 /* Views */ = {
			isa = PBXGroup;
			children = (
				A05B33A6252E1D1D003522E4 /* SectionViews */,
				5600BF812500004600453C22 /* DocumentView.swift */,
				A09A5A3B251FD81A00136EF8 /* TextFieldView.swift */,
				A09A5A3D2520A7DF00136EF8 /* PickerView.swift */,
				A09A5A3F2520F2DB00136EF8 /* DatePickerView.swift */,
				A0353EE02524FCB200698C80 /* TitleLabel.swift */,
				A09A34F325372AD700E29DB8 /* StatusView.swift */,
				A07EB89F2545C732004E5CE1 /* SettingsView.swift */,
			);
			path = Views;
			sourceTree = "<group>";
		};
		56AD57E8252B807C00AEACC9 /* UIKit */ = {
			isa = PBXGroup;
			children = (
				5679ACE824FFFFBA00D9A069 /* Views */,
			);
			path = UIKit;
			sourceTree = "<group>";
		};
		56AD57EA252B80BA00AEACC9 /* Cells */ = {
			isa = PBXGroup;
			children = (
				A0353EE325251F5C00698C80 /* MainCellClasses */,
				A0441541252BC5A6003F0DBF /* TextCell */,
				A0441542252BC5BE003F0DBF /* PickerCell */,
				A0441543252BC5D1003F0DBF /* OkvedCell */,
				A0441547252BC617003F0DBF /* DatePickerCell */,
				A0441544252BC5E1003F0DBF /* GiveMethodCell */,
				A0441546252BC606003F0DBF /* AddOkvedCell */,
				A0441545252BC5F5003F0DBF /* NextButtonCell */,
			);
			path = Cells;
			sourceTree = "<group>";
		};
		56AD57ED252B815100AEACC9 /* Foundation */ = {
			isa = PBXGroup;
			children = (
				A0C0237A251B6C43000B871E /* String+extension.swift */,
			);
			path = Foundation;
			sourceTree = "<group>";
		};
		56AD57EE252B815A00AEACC9 /* UIKit */ = {
			isa = PBXGroup;
			children = (
				A0A9C668251AB25A00D9BD55 /* TextField+extension.swift */,
				A0C0237E251B8BC8000B871E /* View+extension.swift */,
				A09A5A29251CE8A200136EF8 /* UILabel+extension.swift */,
				A09A5A2B251CF21B00136EF8 /* UIButton+extension.swift */,
				A0441550252BE15D003F0DBF /* UILabelPadding.swift */,
			);
			path = UIKit;
			sourceTree = "<group>";
		};
		A0353EE325251F5C00698C80 /* MainCellClasses */ = {
			isa = PBXGroup;
			children = (
				A0353ED62524DA0900698C80 /* BasicCell.swift */,
				A0F6851B2524A04F007245A9 /* CellViewModel.swift */,
				A0353EDC2524F61B00698C80 /* TextFieldCell.swift */,
				A0353EDE2524F62900698C80 /* NotTextFieldCell.swift */,
			);
			path = MainCellClasses;
			sourceTree = "<group>";
		};
		A0353EE92525F03500698C80 /* enums */ = {
			isa = PBXGroup;
			children = (
				A0C0A3152567A77600B951B9 /* Address */,
				A0C0A3142567A75100B951B9 /* Documents */,
			);
			path = enums;
			sourceTree = "<group>";
		};
		A03FCBE62510FF60004DE127 /* ChooseDocumentView */ = {
			isa = PBXGroup;
			children = (
				A0AA563A24D1A9B200AD6421 /* ChooseDocumentViewModel.swift */,
				A0AA563C24D1AEA100AD6421 /* ChooseDocumentCellViewModel.swift */,
				A0E2D53B2496269100421B78 /* ViewController.swift */,
				A0AA563824D1A87600AD6421 /* ChooseDocumentViewControllerCell.swift */,
				A044153D252B2332003F0DBF /* MainRouter.swift */,
			);
			path = ChooseDocumentView;
			sourceTree = "<group>";
		};
		A0441541252BC5A6003F0DBF /* TextCell */ = {
			isa = PBXGroup;
			children = (
				A0F6850C25248C1A007245A9 /* TextCell.swift */,
				A0F6851525249FAF007245A9 /* TextCellViewModel.swift */,
			);
			path = TextCell;
			sourceTree = "<group>";
		};
		A0441542252BC5BE003F0DBF /* PickerCell */ = {
			isa = PBXGroup;
			children = (
				A0F6850A25248C09007245A9 /* PickerCell.swift */,
				A0F6851325249FA1007245A9 /* PickerCellViewModel.swift */,
			);
			path = PickerCell;
			sourceTree = "<group>";
		};
		A0441543252BC5D1003F0DBF /* OkvedCell */ = {
			isa = PBXGroup;
			children = (
				A0F6850E25248C36007245A9 /* OkvedCell.swift */,
				A0353ED42524AD9C00698C80 /* OkvedTypeCellViewModel.swift */,
			);
			path = OkvedCell;
			sourceTree = "<group>";
		};
		A0441544252BC5E1003F0DBF /* GiveMethodCell */ = {
			isa = PBXGroup;
			children = (
				A0F6851025248C53007245A9 /* GiveMethodCell.swift */,
				A0F6851925249FC8007245A9 /* GiveMethodCellViewModel.swift */,
			);
			path = GiveMethodCell;
			sourceTree = "<group>";
		};
		A0441545252BC5F5003F0DBF /* NextButtonCell */ = {
			isa = PBXGroup;
			children = (
				A0353ED82524DAE200698C80 /* NextButtonCell.swift */,
				A0353EDA2524DB6800698C80 /* NextButtonViewModel.swift */,
			);
			path = NextButtonCell;
			sourceTree = "<group>";
		};
		A0441546252BC606003F0DBF /* AddOkvedCell */ = {
			isa = PBXGroup;
			children = (
				A0006A61252778FA00C92DFD /* AddOkvedCell.swift */,
				A0006A632527790E00C92DFD /* AddOkvedViewModel.swift */,
			);
			path = AddOkvedCell;
			sourceTree = "<group>";
		};
		A0441547252BC617003F0DBF /* DatePickerCell */ = {
			isa = PBXGroup;
			children = (
				A0353EE52525EBB400698C80 /* DatePickerCell.swift */,
			);
			path = DatePickerCell;
			sourceTree = "<group>";
		};
		A0441548252BC682003F0DBF /* SelectView */ = {
			isa = PBXGroup;
			children = (
				A0441549252BC6D1003F0DBF /* SelectViewController.swift */,
				A044154B252BC6DD003F0DBF /* SelectViewModel.swift */,
				A044154E252BC6F8003F0DBF /* SelectRouter.swift */,
			);
			path = SelectView;
			sourceTree = "<group>";
		};
		A05B33A1252DE959003522E4 /* Address */ = {
			isa = PBXGroup;
			children = (
				A05B339D252DCB1C003522E4 /* AddressView.swift */,
				A05B33A2252DE96E003522E4 /* AddressViewModel.swift */,
				A05B33A4252DF2E8003522E4 /* AddressCell.swift */,
				A05B33A9252E20E0003522E4 /* AddressCellViewModel.swift */,
				A0583A252530D70E00BF10BA /* AddressRouter.swift */,
			);
			path = Address;
			sourceTree = "<group>";
		};
		A05B33A6252E1D1D003522E4 /* SectionViews */ = {
			isa = PBXGroup;
			children = (
				A09A5A33251FB8CC00136EF8 /* makeIpSectionView.swift */,
				A09A5A35251FBD5400136EF8 /* OkvedSectionView.swift */,
				A05B33A7252E1D3B003522E4 /* AddressSectionView.swift */,
				A055DA90253440F700AB223D /* NoteView.swift */,
			);
			path = SectionViews;
			sourceTree = "<group>";
		};
		A07EB89A25449909004E5CE1 /* LoginView */ = {
			isa = PBXGroup;
			children = (
				A07EB89825449451004E5CE1 /* LoginView.swift */,
				A07EB89B25449922004E5CE1 /* LoginRouter.swift */,
				A07EB89D2544997A004E5CE1 /* LoginViewModel.swift */,
			);
			path = LoginView;
			sourceTree = "<group>";
		};
		A09A5A2D251E2FCF00136EF8 /* OkvedView */ = {
			isa = PBXGroup;
			children = (
				A0F6851725249FBB007245A9 /* OkvedCellViewModel.swift */,
				A09A5A37251FC4E900136EF8 /* OkvedView.swift */,
				A0E9768A24E3278B00E8BB24 /* OkvedTableViewViewModel.swift */,
				A0E9769224E4144600E8BB24 /* OkvedTableViewCell.swift */,
				A044153F252B55BB003F0DBF /* OkvedRouter.swift */,
			);
			path = OkvedView;
			sourceTree = "<group>";
		};
		A09A5A2E251E541300136EF8 /* Services */ = {
			isa = PBXGroup;
			children = (
				A0607B3624DC475300EB8B7C /* OKVEDManager.swift */,
			);
			path = Services;
			sourceTree = "<group>";
		};
		A0A9C667251A90E900D9BD55 /* extensions */ = {
			isa = PBXGroup;
			children = (
				56AD57EE252B815A00AEACC9 /* UIKit */,
				56AD57ED252B815100AEACC9 /* Foundation */,
			);
			path = extensions;
			sourceTree = "<group>";
		};
		A0C0A3142567A75100B951B9 /* Documents */ = {
			isa = PBXGroup;
			children = (
				A09A34F12534E78F00E29DB8 /* docType.swift */,
				A0353EEC2525F0B100698C80 /* Step.swift */,
				A0353EF02525F59E00698C80 /* TextFieldGroup.swift */,
				A0353EEE2525F0BF00698C80 /* TextFieldType.swift */,
				A0B6B8A0252D27D90078C383 /* TaxesSystem.swift */,
				A0353EF22526414100698C80 /* ValidateType.swift */,
			);
			path = Documents;
			sourceTree = "<group>";
		};
		A0C0A3152567A77600B951B9 /* Address */ = {
			isa = PBXGroup;
			children = (
				A055DA8C253389EF00AB223D /* AddressType.swift */,
				A0C0A31225676BF600B951B9 /* Request.swift */,
				A0C0A316256BA15400B951B9 /* AddressLevel.swift */,
			);
			path = Address;
			sourceTree = "<group>";
		};
		A0C29FD824C9EA5E00A202B8 /* Model */ = {
			isa = PBXGroup;
			children = (
				A0353EE92525F03500698C80 /* enums */,
				A0339BD524CB42A60082F693 /* Constants.swift */,
				A05B339F252DD086003522E4 /* Address.swift */,
				A0AA563E24D1E56D00AD6421 /* Document.swift */,
				A0E1CF0324EBC9F900241C4B /* OKVED.swift */,
				A0A9C665251A7A3500D9BD55 /* File.swift */,
				A020DC05253EEB2A005B87AF /* IFNS.swift */,
				A0C0A3102567398B00B951B9 /* IFNSData.swift */,
			);
			path = Model;
			sourceTree = "<group>";
		};
		A0CFD7B124CD820A00243FF5 /* Protocols */ = {
			isa = PBXGroup;
			children = (
				A0CFD7B224CD825F00243FF5 /* DatePickerDelegate.swift */,
			);
			path = Protocols;
			sourceTree = "<group>";
		};
		A0E2D52B2496269100421B78 = {
			isa = PBXGroup;
			children = (
				A0E2D5362496269100421B78 /* Registrator */,
				A0E2D5352496269100421B78 /* Products */,
				D383B59C64144CB14A3A1492 /* Pods */,
				FD208830A835FF82EF1CCAE1 /* Frameworks */,
			);
			sourceTree = "<group>";
		};
		A0E2D5352496269100421B78 /* Products */ = {
			isa = PBXGroup;
			children = (
				A0E2D5342496269100421B78 /* Registrator.app */,
			);
			name = Products;
			sourceTree = "<group>";
		};
		A0E2D5362496269100421B78 /* Registrator */ = {
			isa = PBXGroup;
			children = (
				A0E85721254C756E0084381A /* Registrator.entitlements */,
				56AD57E8252B807C00AEACC9 /* UIKit */,
				A09A5A2E251E541300136EF8 /* Services */,
				A0A9C667251A90E900D9BD55 /* extensions */,
				5679ACE624FFFCB700D9A069 /* MVVM */,
				A0CFD7B124CD820A00243FF5 /* Protocols */,
				A0C29FD824C9EA5E00A202B8 /* Model */,
				A0E2D5372496269100421B78 /* AppDelegate.swift */,
				A0E2D53D2496269100421B78 /* Main.storyboard */,
				A0E2D5392496269100421B78 /* SceneDelegate.swift */,
				A0E2D5402496269900421B78 /* Assets.xcassets */,
				A0E2D5422496269900421B78 /* LaunchScreen.storyboard */,
				A0FA8A0D24D0A9340015D7F6 /* GoogleService-Info.plist */,
				A0E2D5452496269900421B78 /* Info.plist */,
			);
			path = Registrator;
			sourceTree = "<group>";
		};
		D383B59C64144CB14A3A1492 /* Pods */ = {
			isa = PBXGroup;
			children = (
				C7C0C8B11DE8D9D94BFA776E /* Pods-Registrator.debug.xcconfig */,
				E520B1A42872672A28701B8A /* Pods-Registrator.release.xcconfig */,
			);
			path = Pods;
			sourceTree = "<group>";
		};
		FD208830A835FF82EF1CCAE1 /* Frameworks */ = {
			isa = PBXGroup;
			children = (
				46961B5A215A9634822059D9 /* Pods_Registrator.framework */,
			);
			name = Frameworks;
			sourceTree = "<group>";
		};
/* End PBXGroup section */

/* Begin PBXNativeTarget section */
		A0E2D5332496269100421B78 /* Registrator */ = {
			isa = PBXNativeTarget;
			buildConfigurationList = A0E2D5482496269900421B78 /* Build configuration list for PBXNativeTarget "Registrator" */;
			buildPhases = (
				C570F3FFE97E3E6D33034E2C /* [CP] Check Pods Manifest.lock */,
				A0E2D5302496269100421B78 /* Sources */,
				A0E2D5312496269100421B78 /* Frameworks */,
				A0E2D5322496269100421B78 /* Resources */,
				AC60F7A5FDF5E6C5F6F5B2FD /* [CP] Embed Pods Frameworks */,
			);
			buildRules = (
			);
			dependencies = (
			);
			name = Registrator;
			productName = Registrator;
			productReference = A0E2D5342496269100421B78 /* Registrator.app */;
			productType = "com.apple.product-type.application";
		};
/* End PBXNativeTarget section */

/* Begin PBXProject section */
		A0E2D52C2496269100421B78 /* Project object */ = {
			isa = PBXProject;
			attributes = {
				LastSwiftUpdateCheck = 1150;
				LastUpgradeCheck = 1150;
				ORGANIZATIONNAME = "Руслан Сафаргалеев";
				TargetAttributes = {
					A0E2D5332496269100421B78 = {
						CreatedOnToolsVersion = 11.5;
					};
				};
			};
			buildConfigurationList = A0E2D52F2496269100421B78 /* Build configuration list for PBXProject "Registrator" */;
			compatibilityVersion = "Xcode 9.3";
			developmentRegion = en;
			hasScannedForEncodings = 0;
			knownRegions = (
				en,
				Base,
			);
			mainGroup = A0E2D52B2496269100421B78;
			productRefGroup = A0E2D5352496269100421B78 /* Products */;
			projectDirPath = "";
			projectRoot = "";
			targets = (
				A0E2D5332496269100421B78 /* Registrator */,
			);
		};
/* End PBXProject section */

/* Begin PBXResourcesBuildPhase section */
		A0E2D5322496269100421B78 /* Resources */ = {
			isa = PBXResourcesBuildPhase;
			buildActionMask = 2147483647;
			files = (
				A0E2D5442496269900421B78 /* LaunchScreen.storyboard in Resources */,
				A0FA8A0E24D0A9340015D7F6 /* GoogleService-Info.plist in Resources */,
				A0E2D5412496269900421B78 /* Assets.xcassets in Resources */,
				A0E2D53F2496269200421B78 /* Main.storyboard in Resources */,
			);
			runOnlyForDeploymentPostprocessing = 0;
		};
/* End PBXResourcesBuildPhase section */

/* Begin PBXShellScriptBuildPhase section */
		AC60F7A5FDF5E6C5F6F5B2FD /* [CP] Embed Pods Frameworks */ = {
			isa = PBXShellScriptBuildPhase;
			buildActionMask = 2147483647;
			files = (
			);
			inputFileListPaths = (
				"${PODS_ROOT}/Target Support Files/Pods-Registrator/Pods-Registrator-frameworks-${CONFIGURATION}-input-files.xcfilelist",
			);
			name = "[CP] Embed Pods Frameworks";
			outputFileListPaths = (
				"${PODS_ROOT}/Target Support Files/Pods-Registrator/Pods-Registrator-frameworks-${CONFIGURATION}-output-files.xcfilelist",
			);
			runOnlyForDeploymentPostprocessing = 0;
			shellPath = /bin/sh;
			shellScript = "\"${PODS_ROOT}/Target Support Files/Pods-Registrator/Pods-Registrator-frameworks.sh\"\n";
			showEnvVarsInLog = 0;
		};
		C570F3FFE97E3E6D33034E2C /* [CP] Check Pods Manifest.lock */ = {
			isa = PBXShellScriptBuildPhase;
			buildActionMask = 2147483647;
			files = (
			);
			inputFileListPaths = (
			);
			inputPaths = (
				"${PODS_PODFILE_DIR_PATH}/Podfile.lock",
				"${PODS_ROOT}/Manifest.lock",
			);
			name = "[CP] Check Pods Manifest.lock";
			outputFileListPaths = (
			);
			outputPaths = (
				"$(DERIVED_FILE_DIR)/Pods-Registrator-checkManifestLockResult.txt",
			);
			runOnlyForDeploymentPostprocessing = 0;
			shellPath = /bin/sh;
			shellScript = "diff \"${PODS_PODFILE_DIR_PATH}/Podfile.lock\" \"${PODS_ROOT}/Manifest.lock\" > /dev/null\nif [ $? != 0 ] ; then\n    # print error to STDERR\n    echo \"error: The sandbox is not in sync with the Podfile.lock. Run 'pod install' or update your CocoaPods installation.\" >&2\n    exit 1\nfi\n# This output is used by Xcode 'outputs' to avoid re-running this script phase.\necho \"SUCCESS\" > \"${SCRIPT_OUTPUT_FILE_0}\"\n";
			showEnvVarsInLog = 0;
		};
/* End PBXShellScriptBuildPhase section */

/* Begin PBXSourcesBuildPhase section */
		A0E2D5302496269100421B78 /* Sources */ = {
			isa = PBXSourcesBuildPhase;
			buildActionMask = 2147483647;
			files = (
				A0353ED72524DA0900698C80 /* BasicCell.swift in Sources */,
				A0F6851A25249FC8007245A9 /* GiveMethodCellViewModel.swift in Sources */,
				A0353EF12525F59E00698C80 /* TextFieldGroup.swift in Sources */,
				A0441540252B55BB003F0DBF /* OkvedRouter.swift in Sources */,
				A0CFD7B324CD825F00243FF5 /* DatePickerDelegate.swift in Sources */,
				A020DC06253EEB2A005B87AF /* IFNS.swift in Sources */,
				A0F6851625249FAF007245A9 /* TextCellViewModel.swift in Sources */,
				56C6B51E252376E70061F4FD /* MakeIPRouter.swift in Sources */,
				A09A5A34251FB8CC00136EF8 /* makeIpSectionView.swift in Sources */,
				A0E2D53C2496269100421B78 /* ViewController.swift in Sources */,
				A0C0A3112567398B00B951B9 /* IFNSData.swift in Sources */,
				A09A5A3C251FD81A00136EF8 /* TextFieldView.swift in Sources */,
				A0353ED92524DAE200698C80 /* NextButtonCell.swift in Sources */,
				A0AA563924D1A87600AD6421 /* ChooseDocumentViewControllerCell.swift in Sources */,
				A0F6851425249FA1007245A9 /* PickerCellViewModel.swift in Sources */,
				A05B33A8252E1D3B003522E4 /* AddressSectionView.swift in Sources */,
				A0353EDB2524DB6800698C80 /* NextButtonViewModel.swift in Sources */,
				A09A5A2A251CE8A200136EF8 /* UILabel+extension.swift in Sources */,
				A0E2D5382496269100421B78 /* AppDelegate.swift in Sources */,
				A055DA8D253389EF00AB223D /* AddressType.swift in Sources */,
				A0A9C669251AB25A00D9BD55 /* TextField+extension.swift in Sources */,
				A0F6851125248C53007245A9 /* GiveMethodCell.swift in Sources */,
				A0C0237B251B6C43000B871E /* String+extension.swift in Sources */,
				A0AA563B24D1A9B200AD6421 /* ChooseDocumentViewModel.swift in Sources */,
				A0353EE62525EBB400698C80 /* DatePickerCell.swift in Sources */,
				A0E2D53A2496269100421B78 /* SceneDelegate.swift in Sources */,
				A09A34F22534E78F00E29DB8 /* docType.swift in Sources */,
				A0441551252BE15D003F0DBF /* UILabelPadding.swift in Sources */,
				A0F6850F25248C36007245A9 /* OkvedCell.swift in Sources */,
				A0353EED2525F0B100698C80 /* Step.swift in Sources */,
				A05B33AA252E20E0003522E4 /* AddressCellViewModel.swift in Sources */,
				A0AA563D24D1AEA100AD6421 /* ChooseDocumentCellViewModel.swift in Sources */,
				A0353ED52524AD9C00698C80 /* OkvedTypeCellViewModel.swift in Sources */,
				A05B33A0252DD086003522E4 /* Address.swift in Sources */,
				A0F6851825249FBB007245A9 /* OkvedCellViewModel.swift in Sources */,
				A0C0237F251B8BC8000B871E /* View+extension.swift in Sources */,
				A0E9769324E4144600E8BB24 /* OkvedTableViewCell.swift in Sources */,
				A0006A62252778FA00C92DFD /* AddOkvedCell.swift in Sources */,
				A07EB8A02545C732004E5CE1 /* SettingsView.swift in Sources */,
				A09A34F425372AD700E29DB8 /* StatusView.swift in Sources */,
				A07EB89E2544997A004E5CE1 /* LoginViewModel.swift in Sources */,
				A0F6850D25248C1A007245A9 /* TextCell.swift in Sources */,
				A0C0A317256BA15400B951B9 /* AddressLevel.swift in Sources */,
				A05B33A3252DE96E003522E4 /* AddressViewModel.swift in Sources */,
				A0583A262530D70E00BF10BA /* AddressRouter.swift in Sources */,
				A0A9C666251A7A3500D9BD55 /* File.swift in Sources */,
				A09A5A2C251CF21B00136EF8 /* UIButton+extension.swift in Sources */,
				A0353EE12524FCB200698C80 /* TitleLabel.swift in Sources */,
				A0353EF32526414100698C80 /* ValidateType.swift in Sources */,
				A05B339E252DCB1C003522E4 /* AddressView.swift in Sources */,
				A07EB89C25449922004E5CE1 /* LoginRouter.swift in Sources */,
				A055DA91253440F700AB223D /* NoteView.swift in Sources */,
				A044153E252B2332003F0DBF /* MainRouter.swift in Sources */,
				A0E1CF0424EBC9FA00241C4B /* OKVED.swift in Sources */,
				A0E2D54C249627A600421B78 /* MakeIPViewController.swift in Sources */,
				A09A5A38251FC4E900136EF8 /* OkvedView.swift in Sources */,
				5600BF822500004600453C22 /* DocumentView.swift in Sources */,
				A0AA563F24D1E56D00AD6421 /* Document.swift in Sources */,
				A09A5A36251FBD5400136EF8 /* OkvedSectionView.swift in Sources */,
				A0C0A31325676BF600B951B9 /* Request.swift in Sources */,
				A0339BD024C9EC710082F693 /* MakeIPViewModel.swift in Sources */,
				A0353EDD2524F61B00698C80 /* TextFieldCell.swift in Sources */,
				A09A5A402520F2DB00136EF8 /* DatePickerView.swift in Sources */,
				A0E9768B24E3278B00E8BB24 /* OkvedTableViewViewModel.swift in Sources */,
				A07EB89925449451004E5CE1 /* LoginView.swift in Sources */,
				A05B33A5252DF2E8003522E4 /* AddressCell.swift in Sources */,
				A0607B3724DC475300EB8B7C /* OKVEDManager.swift in Sources */,
				A044154C252BC6DD003F0DBF /* SelectViewModel.swift in Sources */,
				A0006A642527790E00C92DFD /* AddOkvedViewModel.swift in Sources */,
				A044154F252BC6F8003F0DBF /* SelectRouter.swift in Sources */,
				A0353EEF2525F0BF00698C80 /* TextFieldType.swift in Sources */,
				A0F6851C2524A04F007245A9 /* CellViewModel.swift in Sources */,
				A0F6850B25248C09007245A9 /* PickerCell.swift in Sources */,
				A044154A252BC6D1003F0DBF /* SelectViewController.swift in Sources */,
				A09A5A3E2520A7DF00136EF8 /* PickerView.swift in Sources */,
				A0339BD624CB42A60082F693 /* Constants.swift in Sources */,
				A0353EDF2524F62900698C80 /* NotTextFieldCell.swift in Sources */,
				A0B6B8A1252D27D90078C383 /* TaxesSystem.swift in Sources */,
			);
			runOnlyForDeploymentPostprocessing = 0;
		};
/* End PBXSourcesBuildPhase section */

/* Begin PBXVariantGroup section */
		A0E2D53D2496269100421B78 /* Main.storyboard */ = {
			isa = PBXVariantGroup;
			children = (
				A0E2D53E2496269100421B78 /* Base */,
			);
			name = Main.storyboard;
			sourceTree = "<group>";
		};
		A0E2D5422496269900421B78 /* LaunchScreen.storyboard */ = {
			isa = PBXVariantGroup;
			children = (
				A0E2D5432496269900421B78 /* Base */,
			);
			name = LaunchScreen.storyboard;
			sourceTree = "<group>";
		};
/* End PBXVariantGroup section */

/* Begin XCBuildConfiguration section */
		A0E2D5462496269900421B78 /* Debug */ = {
			isa = XCBuildConfiguration;
			buildSettings = {
				ALWAYS_SEARCH_USER_PATHS = NO;
				CLANG_ANALYZER_NONNULL = YES;
				CLANG_ANALYZER_NUMBER_OBJECT_CONVERSION = YES_AGGRESSIVE;
				CLANG_CXX_LANGUAGE_STANDARD = "gnu++14";
				CLANG_CXX_LIBRARY = "libc++";
				CLANG_ENABLE_MODULES = YES;
				CLANG_ENABLE_OBJC_ARC = YES;
				CLANG_ENABLE_OBJC_WEAK = YES;
				CLANG_WARN_BLOCK_CAPTURE_AUTORELEASING = YES;
				CLANG_WARN_BOOL_CONVERSION = YES;
				CLANG_WARN_COMMA = YES;
				CLANG_WARN_CONSTANT_CONVERSION = YES;
				CLANG_WARN_DEPRECATED_OBJC_IMPLEMENTATIONS = YES;
				CLANG_WARN_DIRECT_OBJC_ISA_USAGE = YES_ERROR;
				CLANG_WARN_DOCUMENTATION_COMMENTS = YES;
				CLANG_WARN_EMPTY_BODY = YES;
				CLANG_WARN_ENUM_CONVERSION = YES;
				CLANG_WARN_INFINITE_RECURSION = YES;
				CLANG_WARN_INT_CONVERSION = YES;
				CLANG_WARN_NON_LITERAL_NULL_CONVERSION = YES;
				CLANG_WARN_OBJC_IMPLICIT_RETAIN_SELF = YES;
				CLANG_WARN_OBJC_LITERAL_CONVERSION = YES;
				CLANG_WARN_OBJC_ROOT_CLASS = YES_ERROR;
				CLANG_WARN_RANGE_LOOP_ANALYSIS = YES;
				CLANG_WARN_STRICT_PROTOTYPES = YES;
				CLANG_WARN_SUSPICIOUS_MOVE = YES;
				CLANG_WARN_UNGUARDED_AVAILABILITY = YES_AGGRESSIVE;
				CLANG_WARN_UNREACHABLE_CODE = YES;
				CLANG_WARN__DUPLICATE_METHOD_MATCH = YES;
				COPY_PHASE_STRIP = NO;
				DEBUG_INFORMATION_FORMAT = dwarf;
				ENABLE_STRICT_OBJC_MSGSEND = YES;
				ENABLE_TESTABILITY = YES;
				GCC_C_LANGUAGE_STANDARD = gnu11;
				GCC_DYNAMIC_NO_PIC = NO;
				GCC_NO_COMMON_BLOCKS = YES;
				GCC_OPTIMIZATION_LEVEL = 0;
				GCC_PREPROCESSOR_DEFINITIONS = (
					"DEBUG=1",
					"$(inherited)",
				);
				GCC_WARN_64_TO_32_BIT_CONVERSION = YES;
				GCC_WARN_ABOUT_RETURN_TYPE = YES_ERROR;
				GCC_WARN_UNDECLARED_SELECTOR = YES;
				GCC_WARN_UNINITIALIZED_AUTOS = YES_AGGRESSIVE;
				GCC_WARN_UNUSED_FUNCTION = YES;
				GCC_WARN_UNUSED_VARIABLE = YES;
				IPHONEOS_DEPLOYMENT_TARGET = 13.5;
				MTL_ENABLE_DEBUG_INFO = INCLUDE_SOURCE;
				MTL_FAST_MATH = YES;
				ONLY_ACTIVE_ARCH = YES;
				SDKROOT = iphoneos;
				SWIFT_ACTIVE_COMPILATION_CONDITIONS = DEBUG;
				SWIFT_OPTIMIZATION_LEVEL = "-Onone";
			};
			name = Debug;
		};
		A0E2D5472496269900421B78 /* Release */ = {
			isa = XCBuildConfiguration;
			buildSettings = {
				ALWAYS_SEARCH_USER_PATHS = NO;
				CLANG_ANALYZER_NONNULL = YES;
				CLANG_ANALYZER_NUMBER_OBJECT_CONVERSION = YES_AGGRESSIVE;
				CLANG_CXX_LANGUAGE_STANDARD = "gnu++14";
				CLANG_CXX_LIBRARY = "libc++";
				CLANG_ENABLE_MODULES = YES;
				CLANG_ENABLE_OBJC_ARC = YES;
				CLANG_ENABLE_OBJC_WEAK = YES;
				CLANG_WARN_BLOCK_CAPTURE_AUTORELEASING = YES;
				CLANG_WARN_BOOL_CONVERSION = YES;
				CLANG_WARN_COMMA = YES;
				CLANG_WARN_CONSTANT_CONVERSION = YES;
				CLANG_WARN_DEPRECATED_OBJC_IMPLEMENTATIONS = YES;
				CLANG_WARN_DIRECT_OBJC_ISA_USAGE = YES_ERROR;
				CLANG_WARN_DOCUMENTATION_COMMENTS = YES;
				CLANG_WARN_EMPTY_BODY = YES;
				CLANG_WARN_ENUM_CONVERSION = YES;
				CLANG_WARN_INFINITE_RECURSION = YES;
				CLANG_WARN_INT_CONVERSION = YES;
				CLANG_WARN_NON_LITERAL_NULL_CONVERSION = YES;
				CLANG_WARN_OBJC_IMPLICIT_RETAIN_SELF = YES;
				CLANG_WARN_OBJC_LITERAL_CONVERSION = YES;
				CLANG_WARN_OBJC_ROOT_CLASS = YES_ERROR;
				CLANG_WARN_RANGE_LOOP_ANALYSIS = YES;
				CLANG_WARN_STRICT_PROTOTYPES = YES;
				CLANG_WARN_SUSPICIOUS_MOVE = YES;
				CLANG_WARN_UNGUARDED_AVAILABILITY = YES_AGGRESSIVE;
				CLANG_WARN_UNREACHABLE_CODE = YES;
				CLANG_WARN__DUPLICATE_METHOD_MATCH = YES;
				COPY_PHASE_STRIP = NO;
				DEBUG_INFORMATION_FORMAT = "dwarf-with-dsym";
				ENABLE_NS_ASSERTIONS = NO;
				ENABLE_STRICT_OBJC_MSGSEND = YES;
				GCC_C_LANGUAGE_STANDARD = gnu11;
				GCC_NO_COMMON_BLOCKS = YES;
				GCC_WARN_64_TO_32_BIT_CONVERSION = YES;
				GCC_WARN_ABOUT_RETURN_TYPE = YES_ERROR;
				GCC_WARN_UNDECLARED_SELECTOR = YES;
				GCC_WARN_UNINITIALIZED_AUTOS = YES_AGGRESSIVE;
				GCC_WARN_UNUSED_FUNCTION = YES;
				GCC_WARN_UNUSED_VARIABLE = YES;
				IPHONEOS_DEPLOYMENT_TARGET = 13.5;
				MTL_ENABLE_DEBUG_INFO = NO;
				MTL_FAST_MATH = YES;
				SDKROOT = iphoneos;
				SWIFT_COMPILATION_MODE = wholemodule;
				SWIFT_OPTIMIZATION_LEVEL = "-O";
				VALIDATE_PRODUCT = YES;
			};
			name = Release;
		};
		A0E2D5492496269900421B78 /* Debug */ = {
			isa = XCBuildConfiguration;
			baseConfigurationReference = C7C0C8B11DE8D9D94BFA776E /* Pods-Registrator.debug.xcconfig */;
			buildSettings = {
				ASSETCATALOG_COMPILER_APPICON_NAME = AppIcon;
				CODE_SIGN_ENTITLEMENTS = Registrator/Registrator.entitlements;
				CODE_SIGN_IDENTITY = "Apple Development";
				CODE_SIGN_STYLE = Automatic;
				CURRENT_PROJECT_VERSION = 1;
				DEVELOPMENT_TEAM = 3HD737R8SP;
				INFOPLIST_FILE = Registrator/Info.plist;
				IPHONEOS_DEPLOYMENT_TARGET = 13.0;
				LD_RUNPATH_SEARCH_PATHS = (
					"$(inherited)",
					"@executable_path/Frameworks",
				);
				MARKETING_VERSION = 1.1;
				PRODUCT_BUNDLE_IDENTIFIER = com.rsleader.Registrator;
				PRODUCT_NAME = "$(TARGET_NAME)";
				PROVISIONING_PROFILE_SPECIFIER = "";
				SWIFT_VERSION = 5.0;
				TARGETED_DEVICE_FAMILY = "1,2";
			};
			name = Debug;
		};
		A0E2D54A2496269900421B78 /* Release */ = {
			isa = XCBuildConfiguration;
			baseConfigurationReference = E520B1A42872672A28701B8A /* Pods-Registrator.release.xcconfig */;
			buildSettings = {
				ASSETCATALOG_COMPILER_APPICON_NAME = AppIcon;
				CODE_SIGN_ENTITLEMENTS = Registrator/Registrator.entitlements;
				CODE_SIGN_IDENTITY = "Apple Development";
				CODE_SIGN_STYLE = Automatic;
				CURRENT_PROJECT_VERSION = 1;
				DEVELOPMENT_TEAM = 3HD737R8SP;
				INFOPLIST_FILE = Registrator/Info.plist;
				IPHONEOS_DEPLOYMENT_TARGET = 13.0;
				LD_RUNPATH_SEARCH_PATHS = (
					"$(inherited)",
					"@executable_path/Frameworks",
				);
				MARKETING_VERSION = 1.1;
				PRODUCT_BUNDLE_IDENTIFIER = com.rsleader.Registrator;
				PRODUCT_NAME = "$(TARGET_NAME)";
				PROVISIONING_PROFILE_SPECIFIER = "";
				SWIFT_VERSION = 5.0;
				TARGETED_DEVICE_FAMILY = "1,2";
			};
			name = Release;
		};
/* End XCBuildConfiguration section */

/* Begin XCConfigurationList section */
		A0E2D52F2496269100421B78 /* Build configuration list for PBXProject "Registrator" */ = {
			isa = XCConfigurationList;
			buildConfigurations = (
				A0E2D5462496269900421B78 /* Debug */,
				A0E2D5472496269900421B78 /* Release */,
			);
			defaultConfigurationIsVisible = 0;
			defaultConfigurationName = Release;
		};
		A0E2D5482496269900421B78 /* Build configuration list for PBXNativeTarget "Registrator" */ = {
			isa = XCConfigurationList;
			buildConfigurations = (
				A0E2D5492496269900421B78 /* Debug */,
				A0E2D54A2496269900421B78 /* Release */,
			);
			defaultConfigurationIsVisible = 0;
			defaultConfigurationName = Release;
		};
/* End XCConfigurationList section */
	};
	rootObject = A0E2D52C2496269100421B78 /* Project object */;
}
